
Microsoft Visual Studio Solution File, Format Version 12.00
# Visual Studio 15
VisualStudioVersion = 15.0.28307.421
MinimumVisualStudioVersion = 10.0.40219.1
Project("{9A19103F-16F7-4668-BE54-9A1E7A4F7556}") = "APIPROJECT", "APIPROJECT\APIPROJECT.csproj", "{503BEF4A-D2A4-46CC-BA21-710116313874}"
EndProject
Project("{FAE04EC0-301F-11D3-BF4B-00C04F79EFBC}") = "CoreShoppingProject", "CoreShoppinProject\CoreShoppingProject.csproj", "{AE9C761B-3A09-45D8-94A8-70B9F8285EB4}"
EndProject
Global
	GlobalSection(SolutionConfigurationPlatforms) = preSolution
		Debug|Any CPU = Debug|Any CPU
		Release|Any CPU = Release|Any CPU
	EndGlobalSection
	GlobalSection(ProjectConfigurationPlatforms) = postSolution
		{503BEF4A-D2A4-46CC-BA21-710116313874}.Debug|Any CPU.ActiveCfg = Debug|Any CPU
		{503BEF4A-D2A4-46CC-BA21-710116313874}.Debug|Any CPU.Build.0 = Debug|Any CPU
		{503BEF4A-D2A4-46CC-BA21-710116313874}.Release|Any CPU.ActiveCfg = Release|Any CPU
		{503BEF4A-D2A4-46CC-BA21-710116313874}.Release|Any CPU.Build.0 = Release|Any CPU
		{AE9C761B-3A09-45D8-94A8-70B9F8285EB4}.Debug|Any CPU.ActiveCfg = Debug|Any CPU
		{AE9C761B-3A09-45D8-94A8-70B9F8285EB4}.Debug|Any CPU.Build.0 = Debug|Any CPU
		{AE9C761B-3A09-45D8-94A8-70B9F8285EB4}.Release|Any CPU.ActiveCfg = Release|Any CPU
		{AE9C761B-3A09-45D8-94A8-70B9F8285EB4}.Release|Any CPU.Build.0 = Release|Any CPU
	EndGlobalSection
	GlobalSection(SolutionProperties) = preSolution
		HideSolutionNode = FALSE
	EndGlobalSection
	GlobalSection(ExtensibilityGlobals) = postSolution
		SolutionGuid = {51D55767-2236-469D-9EB7-D4448221C4CA}
	EndGlobalSection
EndGlobal
